
Microsoft Visual Studio Solution File, Format Version 12.00
Project("{FAE04EC0-301F-11D3-BF4B-00C04F79EFBC}") = "ProElectionV2", "ProElectionV2\ProElectionV2.csproj", "{09C24E77-B6DE-4753-947D-DEAD78FB3F8E}"
EndProject
Global
	GlobalSection(SolutionConfigurationPlatforms) = preSolution
		Debug|Any CPU = Debug|Any CPU
		Release|Any CPU = Release|Any CPU
	EndGlobalSection
	GlobalSection(ProjectConfigurationPlatforms) = postSolution
		{09C24E77-B6DE-4753-947D-DEAD78FB3F8E}.Debug|Any CPU.ActiveCfg = Debug|Any CPU
		{09C24E77-B6DE-4753-947D-DEAD78FB3F8E}.Debug|Any CPU.Build.0 = Debug|Any CPU
		{09C24E77-B6DE-4753-947D-DEAD78FB3F8E}.Release|Any CPU.ActiveCfg = Release|Any CPU
		{09C24E77-B6DE-4753-947D-DEAD78FB3F8E}.Release|Any CPU.Build.0 = Release|Any CPU
	EndGlobalSection
EndGlobal
